
Microsoft Visual Studio Solution File, Format Version 12.00
# Visual Studio Version 16
VisualStudioVersion = 16.0.31729.503
MinimumVisualStudioVersion = 10.0.40219.1
Project("{FAE04EC0-301F-11D3-BF4B-00C04F79EFBC}") = "BIO2012Q2", "BIO2012Q2\BIO2012Q2.csproj", "{F1ABD6E0-59BB-4C64-9261-2EBF478C99CF}"
EndProject
Global
	GlobalSection(SolutionConfigurationPlatforms) = preSolution
		Debug|Any CPU = Debug|Any CPU
		Release|Any CPU = Release|Any CPU
	EndGlobalSection
	GlobalSection(ProjectConfigurationPlatforms) = postSolution
		{F1ABD6E0-59BB-4C64-9261-2EBF478C99CF}.Debug|Any CPU.ActiveCfg = Debug|Any CPU
		{F1ABD6E0-59BB-4C64-9261-2EBF478C99CF}.Debug|Any CPU.Build.0 = Debug|Any CPU
		{F1ABD6E0-59BB-4C64-9261-2EBF478C99CF}.Release|Any CPU.ActiveCfg = Release|Any CPU
		{F1ABD6E0-59BB-4C64-9261-2EBF478C99CF}.Release|Any CPU.Build.0 = Release|Any CPU
	EndGlobalSection
	GlobalSection(SolutionProperties) = preSolution
		HideSolutionNode = FALSE
	EndGlobalSection
	GlobalSection(ExtensibilityGlobals) = postSolution
		SolutionGuid = {B39291D8-85A1-4610-AC8B-8FEA651B1D64}
	EndGlobalSection
EndGlobal
